{
  "name": "authentication-using-metamask",
  "version": "1.0.0",
  "lockfileVersion": 2,
  "requires": true,
  "packages": {
    "": {
      "name": "authentication-using-metamask",
      "version": "1.0.0",
      "license": "ISC",
      "dependencies": {
        "@metamask/onboarding": "^1.0.1"
      }
    },
    "node_modules/@metamask/onboarding": {
      "version": "1.0.1",
      "resolved": "https://registry.npmjs.org/@metamask/onboarding/-/onboarding-1.0.1.tgz",
      "integrity": "sha512-FqHhAsCI+Vacx2qa5mAFcWNSrTcVGMNjzxVgaX8ECSny/BJ9/vgXP9V7WF/8vb9DltPeQkxr+Fnfmm6GHfmdTQ==",
      "dependencies": {
        "bowser": "^2.9.0"
      }
    },
    "node_modules/bowser": {
      "version": "2.11.0",
      "resolved": "https://registry.npmjs.org/bowser/-/bowser-2.11.0.tgz",
      "integrity": "sha512-AlcaJBi/pqqJBIQ8U9Mcpc9i8Aqxn88Skv5d+xBX006BY5u8N3mGLHa5Lgppa7L/HfwgwLgZ6NYs+Ag6uUmJRA=="
    }
  },
  "dependencies": {
    "@metamask/onboarding": {
      "version": "1.0.1",
      "resolved": "https://registry.npmjs.org/@metamask/onboarding/-/onboarding-1.0.1.tgz",
      "integrity": "sha512-FqHhAsCI+Vacx2qa5mAFcWNSrTcVGMNjzxVgaX8ECSny/BJ9/vgXP9V7WF/8vb9DltPeQkxr+Fnfmm6GHfmdTQ==",
      "requires": {
        "bowser": "^2.9.0"
      }
    },
    "bowser": {
      "version": "2.11.0",
      "resolved": "https://registry.npmjs.org/bowser/-/bowser-2.11.0.tgz",
      "integrity": "sha512-AlcaJBi/pqqJBIQ8U9Mcpc9i8Aqxn88Skv5d+xBX006BY5u8N3mGLHa5Lgppa7L/HfwgwLgZ6NYs+Ag6uUmJRA=="
    }
  }
}
